
Microsoft Visual Studio Solution File, Format Version 12.00
# Visual Studio 14
VisualStudioVersion = 14.0.25420.1
MinimumVisualStudioVersion = 10.0.40219.1
Project("{FAE04EC0-301F-11D3-BF4B-00C04F79EFBC}") = "TPT", "TPT\TPT.csproj", "{AEDE7D39-A263-43DA-AEFF-55D7F50A105C}"
EndProject
Project("{FAE04EC0-301F-11D3-BF4B-00C04F79EFBC}") = "TPC", "TPC\TPC.csproj", "{C0B87807-DDD0-4CAE-AA01-CB09332E323F}"
EndProject
Project("{FAE04EC0-301F-11D3-BF4B-00C04F79EFBC}") = "TPH", "TPH\TPH.csproj", "{F6208404-0073-408D-86A1-FCD10156E805}"
EndProject
Project("{FAE04EC0-301F-11D3-BF4B-00C04F79EFBC}") = "TPT_FluentAPI", "TPT_FluentAPI\TPT_FluentAPI.csproj", "{9F71B352-D73E-4B3A-8858-D89DB76D247F}"
EndProject
Global
	GlobalSection(SolutionConfigurationPlatforms) = preSolution
		Debug|Any CPU = Debug|Any CPU
		Release|Any CPU = Release|Any CPU
	EndGlobalSection
	GlobalSection(ProjectConfigurationPlatforms) = postSolution
		{AEDE7D39-A263-43DA-AEFF-55D7F50A105C}.Debug|Any CPU.ActiveCfg = Debug|Any CPU
		{AEDE7D39-A263-43DA-AEFF-55D7F50A105C}.Debug|Any CPU.Build.0 = Debug|Any CPU
		{AEDE7D39-A263-43DA-AEFF-55D7F50A105C}.Release|Any CPU.ActiveCfg = Release|Any CPU
		{AEDE7D39-A263-43DA-AEFF-55D7F50A105C}.Release|Any CPU.Build.0 = Release|Any CPU
		{C0B87807-DDD0-4CAE-AA01-CB09332E323F}.Debug|Any CPU.ActiveCfg = Debug|Any CPU
		{C0B87807-DDD0-4CAE-AA01-CB09332E323F}.Debug|Any CPU.Build.0 = Debug|Any CPU
		{C0B87807-DDD0-4CAE-AA01-CB09332E323F}.Release|Any CPU.ActiveCfg = Release|Any CPU
		{C0B87807-DDD0-4CAE-AA01-CB09332E323F}.Release|Any CPU.Build.0 = Release|Any CPU
		{F6208404-0073-408D-86A1-FCD10156E805}.Debug|Any CPU.ActiveCfg = Debug|Any CPU
		{F6208404-0073-408D-86A1-FCD10156E805}.Debug|Any CPU.Build.0 = Debug|Any CPU
		{F6208404-0073-408D-86A1-FCD10156E805}.Release|Any CPU.ActiveCfg = Release|Any CPU
		{F6208404-0073-408D-86A1-FCD10156E805}.Release|Any CPU.Build.0 = Release|Any CPU
		{9F71B352-D73E-4B3A-8858-D89DB76D247F}.Debug|Any CPU.ActiveCfg = Debug|Any CPU
		{9F71B352-D73E-4B3A-8858-D89DB76D247F}.Debug|Any CPU.Build.0 = Debug|Any CPU
		{9F71B352-D73E-4B3A-8858-D89DB76D247F}.Release|Any CPU.ActiveCfg = Release|Any CPU
		{9F71B352-D73E-4B3A-8858-D89DB76D247F}.Release|Any CPU.Build.0 = Release|Any CPU
	EndGlobalSection
	GlobalSection(SolutionProperties) = preSolution
		HideSolutionNode = FALSE
	EndGlobalSection
EndGlobal
